// !$*UTF8*$!
{
	archiveVersion = 1;
	classes = {
	};
	objectVersion = 46;
	objects = {

/* Begin PBXBuildFile section */
		1A0FDD431E0FB6E1001673D6 /* AppDelegate.swift in Sources */ = {isa = PBXBuildFile; fileRef = 1A0FDD421E0FB6E1001673D6 /* AppDelegate.swift */; };
		1A0FDD451E0FB6E1001673D6 /* ViewController.swift in Sources */ = {isa = PBXBuildFile; fileRef = 1A0FDD441E0FB6E1001673D6 /* ViewController.swift */; };
		1A0FDD4A1E0FB6E1001673D6 /* Assets.xcassets in Resources */ = {isa = PBXBuildFile; fileRef = 1A0FDD491E0FB6E1001673D6 /* Assets.xcassets */; };
		1A0FDD4D1E0FB6E1001673D6 /* LaunchScreen.storyboard in Resources */ = {isa = PBXBuildFile; fileRef = 1A0FDD4B1E0FB6E1001673D6 /* LaunchScreen.storyboard */; };
		1A0FDD561E0FB8DA001673D6 /* AnimationCollectionViewCell.swift in Sources */ = {isa = PBXBuildFile; fileRef = 1A0FDD541E0FB8DA001673D6 /* AnimationCollectionViewCell.swift */; };
		1A0FDD591E0FBCD0001673D6 /* AnimationCellModel.swift in Sources */ = {isa = PBXBuildFile; fileRef = 1A0FDD581E0FBCD0001673D6 /* AnimationCellModel.swift */; };
		1A0FDD5B1E0FBD9E001673D6 /* AnimationImageCollection.swift in Sources */ = {isa = PBXBuildFile; fileRef = 1A0FDD5A1E0FBD9E001673D6 /* AnimationImageCollection.swift */; };
		1AFC669D1E10ABF600F9EB81 /* AnimationCollectionViewCell.xib in Resources */ = {isa = PBXBuildFile; fileRef = 1AFC669C1E10ABF600F9EB81 /* AnimationCollectionViewCell.xib */; };
		1AFC66A01E10B0B400F9EB81 /* Main.storyboard in Resources */ = {isa = PBXBuildFile; fileRef = 1AFC669E1E10B0B400F9EB81 /* Main.storyboard */; };
/* End PBXBuildFile section */

/* Begin PBXFileReference section */
		1A0FDD3F1E0FB6E1001673D6 /* 20-视图动画.app */ = {isa = PBXFileReference; explicitFileType = wrapper.application; includeInIndex = 0; path = "20-视图动画.app"; sourceTree = BUILT_PRODUCTS_DIR; };
		1A0FDD421E0FB6E1001673D6 /* AppDelegate.swift */ = {isa = PBXFileReference; lastKnownFileType = sourcecode.swift; path = AppDelegate.swift; sourceTree = "<group>"; };
		1A0FDD441E0FB6E1001673D6 /* ViewController.swift */ = {isa = PBXFileReference; lastKnownFileType = sourcecode.swift; path = ViewController.swift; sourceTree = "<group>"; };
		1A0FDD491E0FB6E1001673D6 /* Assets.xcassets */ = {isa = PBXFileReference; lastKnownFileType = folder.assetcatalog; path = Assets.xcassets; sourceTree = "<group>"; };
		1A0FDD4C1E0FB6E1001673D6 /* Base */ = {isa = PBXFileReference; lastKnownFileType = file.storyboard; name = Base; path = Base.lproj/LaunchScreen.storyboard; sourceTree = "<group>"; };
		1A0FDD4E1E0FB6E1001673D6 /* Info.plist */ = {isa = PBXFileReference; lastKnownFileType = text.plist.xml; path = Info.plist; sourceTree = "<group>"; };
		1A0FDD541E0FB8DA001673D6 /* AnimationCollectionViewCell.swift */ = {isa = PBXFileReference; fileEncoding = 4; lastKnownFileType = sourcecode.swift; path = AnimationCollectionViewCell.swift; sourceTree = "<group>"; };
		1A0FDD581E0FBCD0001673D6 /* AnimationCellModel.swift */ = {isa = PBXFileReference; fileEncoding = 4; lastKnownFileType = sourcecode.swift; path = AnimationCellModel.swift; sourceTree = "<group>"; };
		1A0FDD5A1E0FBD9E001673D6 /* AnimationImageCollection.swift */ = {isa = PBXFileReference; fileEncoding = 4; lastKnownFileType = sourcecode.swift; path = AnimationImageCollection.swift; sourceTree = "<group>"; };
		1AFC669C1E10ABF600F9EB81 /* AnimationCollectionViewCell.xib */ = {isa = PBXFileReference; fileEncoding = 4; lastKnownFileType = file.xib; path = AnimationCollectionViewCell.xib; sourceTree = "<group>"; };
		1AFC669F1E10B0B400F9EB81 /* Base */ = {isa = PBXFileReference; lastKnownFileType = file.storyboard; name = Base; path = Base.lproj/Main.storyboard; sourceTree = "<group>"; };
/* End PBXFileReference section */

/* Begin PBXFrameworksBuildPhase section */
		1A0FDD3C1E0FB6E1001673D6 /* Frameworks */ = {
			isa = PBXFrameworksBuildPhase;
			buildActionMask = 2147483647;
			files = (
			);
			runOnlyForDeploymentPostprocessing = 0;
		};
/* End PBXFrameworksBuildPhase section */

/* Begin PBXGroup section */
		1A0FDD361E0FB6E1001673D6 = {
			isa = PBXGroup;
			children = (
				1A0FDD411E0FB6E1001673D6 /* 20-视图动画 */,
				1A0FDD401E0FB6E1001673D6 /* Products */,
			);
			sourceTree = "<group>";
		};
		1A0FDD401E0FB6E1001673D6 /* Products */ = {
			isa = PBXGroup;
			children = (
				1A0FDD3F1E0FB6E1001673D6 /* 20-视图动画.app */,
			);
			name = Products;
			sourceTree = "<group>";
		};
		1A0FDD411E0FB6E1001673D6 /* 20-视图动画 */ = {
			isa = PBXGroup;
			children = (
				1AFC669C1E10ABF600F9EB81 /* AnimationCollectionViewCell.xib */,
				1A0FDD421E0FB6E1001673D6 /* AppDelegate.swift */,
				1A0FDD441E0FB6E1001673D6 /* ViewController.swift */,
				1A0FDD541E0FB8DA001673D6 /* AnimationCollectionViewCell.swift */,
				1A0FDD5A1E0FBD9E001673D6 /* AnimationImageCollection.swift */,
				1A0FDD581E0FBCD0001673D6 /* AnimationCellModel.swift */,
				1A0FDD491E0FB6E1001673D6 /* Assets.xcassets */,
				1A0FDD4B1E0FB6E1001673D6 /* LaunchScreen.storyboard */,
				1AFC669E1E10B0B400F9EB81 /* Main.storyboard */,
				1A0FDD4E1E0FB6E1001673D6 /* Info.plist */,
			);
			path = "20-视图动画";
			sourceTree = "<group>";
		};
/* End PBXGroup section */

/* Begin PBXNativeTarget section */
		1A0FDD3E1E0FB6E1001673D6 /* 20-视图动画 */ = {
			isa = PBXNativeTarget;
			buildConfigurationList = 1A0FDD511E0FB6E1001673D6 /* Build configuration list for PBXNativeTarget "20-视图动画" */;
			buildPhases = (
				1A0FDD3B1E0FB6E1001673D6 /* Sources */,
				1A0FDD3C1E0FB6E1001673D6 /* Frameworks */,
				1A0FDD3D1E0FB6E1001673D6 /* Resources */,
			);
			buildRules = (
			);
			dependencies = (
			);
			name = "20-视图动画";
			productName = "20-视图动画";
			productReference = 1A0FDD3F1E0FB6E1001673D6 /* 20-视图动画.app */;
			productType = "com.apple.product-type.application";
		};
/* End PBXNativeTarget section */

/* Begin PBXProject section */
		1A0FDD371E0FB6E1001673D6 /* Project object */ = {
			isa = PBXProject;
			attributes = {
				LastSwiftUpdateCheck = 0820;
				LastUpgradeCheck = 0820;
				ORGANIZATIONNAME = richyli;
				TargetAttributes = {
					1A0FDD3E1E0FB6E1001673D6 = {
						CreatedOnToolsVersion = 8.2.1;
						DevelopmentTeam = 2E22YXWMT5;
						ProvisioningStyle = Automatic;
					};
				};
			};
			buildConfigurationList = 1A0FDD3A1E0FB6E1001673D6 /* Build configuration list for PBXProject "20-视图动画" */;
			compatibilityVersion = "Xcode 3.2";
			developmentRegion = English;
			hasScannedForEncodings = 0;
			knownRegions = (
				en,
				Base,
			);
			mainGroup = 1A0FDD361E0FB6E1001673D6;
			productRefGroup = 1A0FDD401E0FB6E1001673D6 /* Products */;
			projectDirPath = "";
			projectRoot = "";
			targets = (
				1A0FDD3E1E0FB6E1001673D6 /* 20-视图动画 */,
			);
		};
/* End PBXProject section */

/* Begin PBXResourcesBuildPhase section */
		1A0FDD3D1E0FB6E1001673D6 /* Resources */ = {
			isa = PBXResourcesBuildPhase;
			buildActionMask = 2147483647;
			files = (
				1A0FDD4D1E0FB6E1001673D6 /* LaunchScreen.storyboard in Resources */,
				1A0FDD4A1E0FB6E1001673D6 /* Assets.xcassets in Resources */,
				1AFC669D1E10ABF600F9EB81 /* AnimationCollectionViewCell.xib in Resources */,
				1AFC66A01E10B0B400F9EB81 /* Main.storyboard in Resources */,
			);
			runOnlyForDeploymentPostprocessing = 0;
		};
/* End PBXResourcesBuildPhase section */

/* Begin PBXSourcesBuildPhase section */
		1A0FDD3B1E0FB6E1001673D6 /* Sources */ = {
			isa = PBXSourcesBuildPhase;
			buildActionMask = 2147483647;
			files = (
				1A0FDD591E0FBCD0001673D6 /* AnimationCellModel.swift in Sources */,
				1A0FDD5B1E0FBD9E001673D6 /* AnimationImageCollection.swift in Sources */,
				1A0FDD451E0FB6E1001673D6 /* ViewController.swift in Sources */,
				1A0FDD431E0FB6E1001673D6 /* AppDelegate.swift in Sources */,
				1A0FDD561E0FB8DA001673D6 /* AnimationCollectionViewCell.swift in Sources */,
			);
			runOnlyForDeploymentPostprocessing = 0;
		};
/* End PBXSourcesBuildPhase section */

/* Begin PBXVariantGroup section */
		1A0FDD4B1E0FB6E1001673D6 /* LaunchScreen.storyboard */ = {
			isa = PBXVariantGroup;
			children = (
				1A0FDD4C1E0FB6E1001673D6 /* Base */,
			);
			name = LaunchScreen.storyboard;
			sourceTree = "<group>";
		};
		1AFC669E1E10B0B400F9EB81 /* Main.storyboard */ = {
			isa = PBXVariantGroup;
			children = (
				1AFC669F1E10B0B400F9EB81 /* Base */,
			);
			name = Main.storyboard;
			sourceTree = "<group>";
		};
/* End PBXVariantGroup section */

/* Begin XCBuildConfiguration section */
		1A0FDD4F1E0FB6E1001673D6 /* Debug */ = {
			isa = XCBuildConfiguration;
			buildSettings = {
				ALWAYS_SEARCH_USER_PATHS = NO;
				CLANG_ANALYZER_NONNULL = YES;
				CLANG_CXX_LANGUAGE_STANDARD = "gnu++0x";
				CLANG_CXX_LIBRARY = "libc++";
				CLANG_ENABLE_MODULES = YES;
				CLANG_ENABLE_OBJC_ARC = YES;
				CLANG_WARN_BOOL_CONVERSION = YES;
				CLANG_WARN_CONSTANT_CONVERSION = YES;
				CLANG_WARN_DIRECT_OBJC_ISA_USAGE = YES_ERROR;
				CLANG_WARN_DOCUMENTATION_COMMENTS = YES;
				CLANG_WARN_EMPTY_BODY = YES;
				CLANG_WARN_ENUM_CONVERSION = YES;
				CLANG_WARN_INFINITE_RECURSION = YES;
				CLANG_WARN_INT_CONVERSION = YES;
				CLANG_WARN_OBJC_ROOT_CLASS = YES_ERROR;
				CLANG_WARN_SUSPICIOUS_MOVE = YES;
				CLANG_WARN_UNREACHABLE_CODE = YES;
				CLANG_WARN__DUPLICATE_METHOD_MATCH = YES;
				"CODE_SIGN_IDENTITY[sdk=iphoneos*]" = "iPhone Developer";
				COPY_PHASE_STRIP = NO;
				DEBUG_INFORMATION_FORMAT = dwarf;
				ENABLE_STRICT_OBJC_MSGSEND = YES;
				ENABLE_TESTABILITY = YES;
				GCC_C_LANGUAGE_STANDARD = gnu99;
				GCC_DYNAMIC_NO_PIC = NO;
				GCC_NO_COMMON_BLOCKS = YES;
				GCC_OPTIMIZATION_LEVEL = 0;
				GCC_PREPROCESSOR_DEFINITIONS = (
					"DEBUG=1",
					"$(inherited)",
				);
				GCC_WARN_64_TO_32_BIT_CONVERSION = YES;
				GCC_WARN_ABOUT_RETURN_TYPE = YES_ERROR;
				GCC_WARN_UNDECLARED_SELECTOR = YES;
				GCC_WARN_UNINITIALIZED_AUTOS = YES_AGGRESSIVE;
				GCC_WARN_UNUSED_FUNCTION = YES;
				GCC_WARN_UNUSED_VARIABLE = YES;
				IPHONEOS_DEPLOYMENT_TARGET = 10.2;
				MTL_ENABLE_DEBUG_INFO = YES;
				ONLY_ACTIVE_ARCH = YES;
				SDKROOT = iphoneos;
				SWIFT_ACTIVE_COMPILATION_CONDITIONS = DEBUG;
				SWIFT_OPTIMIZATION_LEVEL = "-Onone";
			};
			name = Debug;
		};
		1A0FDD501E0FB6E1001673D6 /* Release */ = {
			isa = XCBuildConfiguration;
			buildSettings = {
				ALWAYS_SEARCH_USER_PATHS = NO;
				CLANG_ANALYZER_NONNULL = YES;
				CLANG_CXX_LANGUAGE_STANDARD = "gnu++0x";
				CLANG_CXX_LIBRARY = "libc++";
				CLANG_ENABLE_MODULES = YES;
				CLANG_ENABLE_OBJC_ARC = YES;
				CLANG_WARN_BOOL_CONVERSION = YES;
				CLANG_WARN_CONSTANT_CONVERSION = YES;
				CLANG_WARN_DIRECT_OBJC_ISA_USAGE = YES_ERROR;
				CLANG_WARN_DOCUMENTATION_COMMENTS = YES;
				CLANG_WARN_EMPTY_BODY = YES;
				CLANG_WARN_ENUM_CONVERSION = YES;
				CLANG_WARN_INFINITE_RECURSION = YES;
				CLANG_WARN_INT_CONVERSION = YES;
				CLANG_WARN_OBJC_ROOT_CLASS = YES_ERROR;
				CLANG_WARN_SUSPICIOUS_MOVE = YES;
				CLANG_WARN_UNREACHABLE_CODE = YES;
				CLANG_WARN__DUPLICATE_METHOD_MATCH = YES;
				"CODE_SIGN_IDENTITY[sdk=iphoneos*]" = "iPhone Developer";
				COPY_PHASE_STRIP = NO;
				DEBUG_INFORMATION_FORMAT = "dwarf-with-dsym";
				ENABLE_NS_ASSERTIONS = NO;
				ENABLE_STRICT_OBJC_MSGSEND = YES;
				GCC_C_LANGUAGE_STANDARD = gnu99;
				GCC_NO_COMMON_BLOCKS = YES;
				GCC_WARN_64_TO_32_BIT_CONVERSION = YES;
				GCC_WARN_ABOUT_RETURN_TYPE = YES_ERROR;
				GCC_WARN_UNDECLARED_SELECTOR = YES;
				GCC_WARN_UNINITIALIZED_AUTOS = YES_AGGRESSIVE;
				GCC_WARN_UNUSED_FUNCTION = YES;
				GCC_WARN_UNUSED_VARIABLE = YES;
				IPHONEOS_DEPLOYMENT_TARGET = 10.2;
				MTL_ENABLE_DEBUG_INFO = NO;
				SDKROOT = iphoneos;
				SWIFT_OPTIMIZATION_LEVEL = "-Owholemodule";
				VALIDATE_PRODUCT = YES;
			};
			name = Release;
		};
		1A0FDD521E0FB6E1001673D6 /* Debug */ = {
			isa = XCBuildConfiguration;
			buildSettings = {
				ASSETCATALOG_COMPILER_APPICON_NAME = AppIcon;
				DEVELOPMENT_TEAM = 2E22YXWMT5;
				INFOPLIST_FILE = "20-视图动画/Info.plist";
				LD_RUNPATH_SEARCH_PATHS = "$(inherited) @executable_path/Frameworks";
				PRODUCT_BUNDLE_IDENTIFIER = "com.noname.-0-----";
				PRODUCT_NAME = "$(TARGET_NAME)";
				SWIFT_VERSION = 3.0;
			};
			name = Debug;
		};
		1A0FDD531E0FB6E1001673D6 /* Release */ = {
			isa = XCBuildConfiguration;
			buildSettings = {
				ASSETCATALOG_COMPILER_APPICON_NAME = AppIcon;
				DEVELOPMENT_TEAM = 2E22YXWMT5;
				INFOPLIST_FILE = "20-视图动画/Info.plist";
				LD_RUNPATH_SEARCH_PATHS = "$(inherited) @executable_path/Frameworks";
				PRODUCT_BUNDLE_IDENTIFIER = "com.noname.-0-----";
				PRODUCT_NAME = "$(TARGET_NAME)";
				SWIFT_VERSION = 3.0;
			};
			name = Release;
		};
/* End XCBuildConfiguration section */

/* Begin XCConfigurationList section */
		1A0FDD3A1E0FB6E1001673D6 /* Build configuration list for PBXProject "20-视图动画" */ = {
			isa = XCConfigurationList;
			buildConfigurations = (
				1A0FDD4F1E0FB6E1001673D6 /* Debug */,
				1A0FDD501E0FB6E1001673D6 /* Release */,
			);
			defaultConfigurationIsVisible = 0;
			defaultConfigurationName = Release;
		};
		1A0FDD511E0FB6E1001673D6 /* Build configuration list for PBXNativeTarget "20-视图动画" */ = {
			isa = XCConfigurationList;
			buildConfigurations = (
				1A0FDD521E0FB6E1001673D6 /* Debug */,
				1A0FDD531E0FB6E1001673D6 /* Release */,
			);
			defaultConfigurationIsVisible = 0;
			defaultConfigurationName = Release;
		};
/* End XCConfigurationList section */
	};
	rootObject = 1A0FDD371E0FB6E1001673D6 /* Project object */;
}
