// !$*UTF8*$!
{
	archiveVersion = 1;
	classes = {
	};
	objectVersion = 46;
	objects = {

/* Begin PBXBuildFile section */
		1AF6FC9C1E0A16DC00CF1B80 /* AppDelegate.swift in Sources */ = {isa = PBXBuildFile; fileRef = 1AF6FC9B1E0A16DC00CF1B80 /* AppDelegate.swift */; };
		1AF6FC9E1E0A16DC00CF1B80 /* ViewController.swift in Sources */ = {isa = PBXBuildFile; fileRef = 1AF6FC9D1E0A16DC00CF1B80 /* ViewController.swift */; };
		1AF6FCA11E0A16DC00CF1B80 /* Main.storyboard in Resources */ = {isa = PBXBuildFile; fileRef = 1AF6FC9F1E0A16DC00CF1B80 /* Main.storyboard */; };
		1AF6FCA31E0A16DC00CF1B80 /* Assets.xcassets in Resources */ = {isa = PBXBuildFile; fileRef = 1AF6FCA21E0A16DC00CF1B80 /* Assets.xcassets */; };
		1AF6FCA61E0A16DC00CF1B80 /* LaunchScreen.storyboard in Resources */ = {isa = PBXBuildFile; fileRef = 1AF6FCA41E0A16DC00CF1B80 /* LaunchScreen.storyboard */; };
		1AF6FCAE1E0A17DB00CF1B80 /* Ecstasy.mp3 in Resources */ = {isa = PBXBuildFile; fileRef = 1AF6FCAD1E0A17DB00CF1B80 /* Ecstasy.mp3 */; };
/* End PBXBuildFile section */

/* Begin PBXFileReference section */
		1AF6FC981E0A16DC00CF1B80 /* 08-炫彩音乐.app */ = {isa = PBXFileReference; explicitFileType = wrapper.application; includeInIndex = 0; path = "08-炫彩音乐.app"; sourceTree = BUILT_PRODUCTS_DIR; };
		1AF6FC9B1E0A16DC00CF1B80 /* AppDelegate.swift */ = {isa = PBXFileReference; lastKnownFileType = sourcecode.swift; path = AppDelegate.swift; sourceTree = "<group>"; };
		1AF6FC9D1E0A16DC00CF1B80 /* ViewController.swift */ = {isa = PBXFileReference; lastKnownFileType = sourcecode.swift; path = ViewController.swift; sourceTree = "<group>"; };
		1AF6FCA01E0A16DC00CF1B80 /* Base */ = {isa = PBXFileReference; lastKnownFileType = file.storyboard; name = Base; path = Base.lproj/Main.storyboard; sourceTree = "<group>"; };
		1AF6FCA21E0A16DC00CF1B80 /* Assets.xcassets */ = {isa = PBXFileReference; lastKnownFileType = folder.assetcatalog; path = Assets.xcassets; sourceTree = "<group>"; };
		1AF6FCA51E0A16DC00CF1B80 /* Base */ = {isa = PBXFileReference; lastKnownFileType = file.storyboard; name = Base; path = Base.lproj/LaunchScreen.storyboard; sourceTree = "<group>"; };
		1AF6FCA71E0A16DC00CF1B80 /* Info.plist */ = {isa = PBXFileReference; lastKnownFileType = text.plist.xml; path = Info.plist; sourceTree = "<group>"; };
		1AF6FCAD1E0A17DB00CF1B80 /* Ecstasy.mp3 */ = {isa = PBXFileReference; lastKnownFileType = audio.mp3; path = Ecstasy.mp3; sourceTree = SOURCE_ROOT; };
/* End PBXFileReference section */

/* Begin PBXFrameworksBuildPhase section */
		1AF6FC951E0A16DC00CF1B80 /* Frameworks */ = {
			isa = PBXFrameworksBuildPhase;
			buildActionMask = 2147483647;
			files = (
			);
			runOnlyForDeploymentPostprocessing = 0;
		};
/* End PBXFrameworksBuildPhase section */

/* Begin PBXGroup section */
		1AF6FC8F1E0A16DC00CF1B80 = {
			isa = PBXGroup;
			children = (
				1AF6FC9A1E0A16DC00CF1B80 /* 08-炫彩音乐 */,
				1AF6FC991E0A16DC00CF1B80 /* Products */,
			);
			sourceTree = "<group>";
		};
		1AF6FC991E0A16DC00CF1B80 /* Products */ = {
			isa = PBXGroup;
			children = (
				1AF6FC981E0A16DC00CF1B80 /* 08-炫彩音乐.app */,
			);
			name = Products;
			sourceTree = "<group>";
		};
		1AF6FC9A1E0A16DC00CF1B80 /* 08-炫彩音乐 */ = {
			isa = PBXGroup;
			children = (
				1AF6FCAD1E0A17DB00CF1B80 /* Ecstasy.mp3 */,
				1AF6FC9B1E0A16DC00CF1B80 /* AppDelegate.swift */,
				1AF6FC9D1E0A16DC00CF1B80 /* ViewController.swift */,
				1AF6FC9F1E0A16DC00CF1B80 /* Main.storyboard */,
				1AF6FCA21E0A16DC00CF1B80 /* Assets.xcassets */,
				1AF6FCA41E0A16DC00CF1B80 /* LaunchScreen.storyboard */,
				1AF6FCA71E0A16DC00CF1B80 /* Info.plist */,
			);
			path = "08-炫彩音乐";
			sourceTree = "<group>";
		};
/* End PBXGroup section */

/* Begin PBXNativeTarget section */
		1AF6FC971E0A16DC00CF1B80 /* 08-炫彩音乐 */ = {
			isa = PBXNativeTarget;
			buildConfigurationList = 1AF6FCAA1E0A16DC00CF1B80 /* Build configuration list for PBXNativeTarget "08-炫彩音乐" */;
			buildPhases = (
				1AF6FC941E0A16DC00CF1B80 /* Sources */,
				1AF6FC951E0A16DC00CF1B80 /* Frameworks */,
				1AF6FC961E0A16DC00CF1B80 /* Resources */,
			);
			buildRules = (
			);
			dependencies = (
			);
			name = "08-炫彩音乐";
			productName = "08-炫彩音乐";
			productReference = 1AF6FC981E0A16DC00CF1B80 /* 08-炫彩音乐.app */;
			productType = "com.apple.product-type.application";
		};
/* End PBXNativeTarget section */

/* Begin PBXProject section */
		1AF6FC901E0A16DC00CF1B80 /* Project object */ = {
			isa = PBXProject;
			attributes = {
				LastSwiftUpdateCheck = 0820;
				LastUpgradeCheck = 0820;
				ORGANIZATIONNAME = richyli;
				TargetAttributes = {
					1AF6FC971E0A16DC00CF1B80 = {
						CreatedOnToolsVersion = 8.2;
						DevelopmentTeam = 2E22YXWMT5;
						ProvisioningStyle = Automatic;
					};
				};
			};
			buildConfigurationList = 1AF6FC931E0A16DC00CF1B80 /* Build configuration list for PBXProject "08-炫彩音乐" */;
			compatibilityVersion = "Xcode 3.2";
			developmentRegion = English;
			hasScannedForEncodings = 0;
			knownRegions = (
				en,
				Base,
			);
			mainGroup = 1AF6FC8F1E0A16DC00CF1B80;
			productRefGroup = 1AF6FC991E0A16DC00CF1B80 /* Products */;
			projectDirPath = "";
			projectRoot = "";
			targets = (
				1AF6FC971E0A16DC00CF1B80 /* 08-炫彩音乐 */,
			);
		};
/* End PBXProject section */

/* Begin PBXResourcesBuildPhase section */
		1AF6FC961E0A16DC00CF1B80 /* Resources */ = {
			isa = PBXResourcesBuildPhase;
			buildActionMask = 2147483647;
			files = (
				1AF6FCA61E0A16DC00CF1B80 /* LaunchScreen.storyboard in Resources */,
				1AF6FCAE1E0A17DB00CF1B80 /* Ecstasy.mp3 in Resources */,
				1AF6FCA31E0A16DC00CF1B80 /* Assets.xcassets in Resources */,
				1AF6FCA11E0A16DC00CF1B80 /* Main.storyboard in Resources */,
			);
			runOnlyForDeploymentPostprocessing = 0;
		};
/* End PBXResourcesBuildPhase section */

/* Begin PBXSourcesBuildPhase section */
		1AF6FC941E0A16DC00CF1B80 /* Sources */ = {
			isa = PBXSourcesBuildPhase;
			buildActionMask = 2147483647;
			files = (
				1AF6FC9E1E0A16DC00CF1B80 /* ViewController.swift in Sources */,
				1AF6FC9C1E0A16DC00CF1B80 /* AppDelegate.swift in Sources */,
			);
			runOnlyForDeploymentPostprocessing = 0;
		};
/* End PBXSourcesBuildPhase section */

/* Begin PBXVariantGroup section */
		1AF6FC9F1E0A16DC00CF1B80 /* Main.storyboard */ = {
			isa = PBXVariantGroup;
			children = (
				1AF6FCA01E0A16DC00CF1B80 /* Base */,
			);
			name = Main.storyboard;
			sourceTree = "<group>";
		};
		1AF6FCA41E0A16DC00CF1B80 /* LaunchScreen.storyboard */ = {
			isa = PBXVariantGroup;
			children = (
				1AF6FCA51E0A16DC00CF1B80 /* Base */,
			);
			name = LaunchScreen.storyboard;
			sourceTree = "<group>";
		};
/* End PBXVariantGroup section */

/* Begin XCBuildConfiguration section */
		1AF6FCA81E0A16DC00CF1B80 /* Debug */ = {
			isa = XCBuildConfiguration;
			buildSettings = {
				ALWAYS_SEARCH_USER_PATHS = NO;
				CLANG_ANALYZER_NONNULL = YES;
				CLANG_CXX_LANGUAGE_STANDARD = "gnu++0x";
				CLANG_CXX_LIBRARY = "libc++";
				CLANG_ENABLE_MODULES = YES;
				CLANG_ENABLE_OBJC_ARC = YES;
				CLANG_WARN_BOOL_CONVERSION = YES;
				CLANG_WARN_CONSTANT_CONVERSION = YES;
				CLANG_WARN_DIRECT_OBJC_ISA_USAGE = YES_ERROR;
				CLANG_WARN_DOCUMENTATION_COMMENTS = YES;
				CLANG_WARN_EMPTY_BODY = YES;
				CLANG_WARN_ENUM_CONVERSION = YES;
				CLANG_WARN_INFINITE_RECURSION = YES;
				CLANG_WARN_INT_CONVERSION = YES;
				CLANG_WARN_OBJC_ROOT_CLASS = YES_ERROR;
				CLANG_WARN_SUSPICIOUS_MOVE = YES;
				CLANG_WARN_UNREACHABLE_CODE = YES;
				CLANG_WARN__DUPLICATE_METHOD_MATCH = YES;
				"CODE_SIGN_IDENTITY[sdk=iphoneos*]" = "iPhone Developer";
				COPY_PHASE_STRIP = NO;
				DEBUG_INFORMATION_FORMAT = dwarf;
				ENABLE_STRICT_OBJC_MSGSEND = YES;
				ENABLE_TESTABILITY = YES;
				GCC_C_LANGUAGE_STANDARD = gnu99;
				GCC_DYNAMIC_NO_PIC = NO;
				GCC_NO_COMMON_BLOCKS = YES;
				GCC_OPTIMIZATION_LEVEL = 0;
				GCC_PREPROCESSOR_DEFINITIONS = (
					"DEBUG=1",
					"$(inherited)",
				);
				GCC_WARN_64_TO_32_BIT_CONVERSION = YES;
				GCC_WARN_ABOUT_RETURN_TYPE = YES_ERROR;
				GCC_WARN_UNDECLARED_SELECTOR = YES;
				GCC_WARN_UNINITIALIZED_AUTOS = YES_AGGRESSIVE;
				GCC_WARN_UNUSED_FUNCTION = YES;
				GCC_WARN_UNUSED_VARIABLE = YES;
				IPHONEOS_DEPLOYMENT_TARGET = 10.2;
				MTL_ENABLE_DEBUG_INFO = YES;
				ONLY_ACTIVE_ARCH = YES;
				SDKROOT = iphoneos;
				SWIFT_ACTIVE_COMPILATION_CONDITIONS = DEBUG;
				SWIFT_OPTIMIZATION_LEVEL = "-Onone";
			};
			name = Debug;
		};
		1AF6FCA91E0A16DC00CF1B80 /* Release */ = {
			isa = XCBuildConfiguration;
			buildSettings = {
				ALWAYS_SEARCH_USER_PATHS = NO;
				CLANG_ANALYZER_NONNULL = YES;
				CLANG_CXX_LANGUAGE_STANDARD = "gnu++0x";
				CLANG_CXX_LIBRARY = "libc++";
				CLANG_ENABLE_MODULES = YES;
				CLANG_ENABLE_OBJC_ARC = YES;
				CLANG_WARN_BOOL_CONVERSION = YES;
				CLANG_WARN_CONSTANT_CONVERSION = YES;
				CLANG_WARN_DIRECT_OBJC_ISA_USAGE = YES_ERROR;
				CLANG_WARN_DOCUMENTATION_COMMENTS = YES;
				CLANG_WARN_EMPTY_BODY = YES;
				CLANG_WARN_ENUM_CONVERSION = YES;
				CLANG_WARN_INFINITE_RECURSION = YES;
				CLANG_WARN_INT_CONVERSION = YES;
				CLANG_WARN_OBJC_ROOT_CLASS = YES_ERROR;
				CLANG_WARN_SUSPICIOUS_MOVE = YES;
				CLANG_WARN_UNREACHABLE_CODE = YES;
				CLANG_WARN__DUPLICATE_METHOD_MATCH = YES;
				"CODE_SIGN_IDENTITY[sdk=iphoneos*]" = "iPhone Developer";
				COPY_PHASE_STRIP = NO;
				DEBUG_INFORMATION_FORMAT = "dwarf-with-dsym";
				ENABLE_NS_ASSERTIONS = NO;
				ENABLE_STRICT_OBJC_MSGSEND = YES;
				GCC_C_LANGUAGE_STANDARD = gnu99;
				GCC_NO_COMMON_BLOCKS = YES;
				GCC_WARN_64_TO_32_BIT_CONVERSION = YES;
				GCC_WARN_ABOUT_RETURN_TYPE = YES_ERROR;
				GCC_WARN_UNDECLARED_SELECTOR = YES;
				GCC_WARN_UNINITIALIZED_AUTOS = YES_AGGRESSIVE;
				GCC_WARN_UNUSED_FUNCTION = YES;
				GCC_WARN_UNUSED_VARIABLE = YES;
				IPHONEOS_DEPLOYMENT_TARGET = 10.2;
				MTL_ENABLE_DEBUG_INFO = NO;
				SDKROOT = iphoneos;
				SWIFT_OPTIMIZATION_LEVEL = "-Owholemodule";
				VALIDATE_PRODUCT = YES;
			};
			name = Release;
		};
		1AF6FCAB1E0A16DC00CF1B80 /* Debug */ = {
			isa = XCBuildConfiguration;
			buildSettings = {
				ASSETCATALOG_COMPILER_APPICON_NAME = AppIcon;
				DEVELOPMENT_TEAM = 2E22YXWMT5;
				INFOPLIST_FILE = "08-炫彩音乐/Info.plist";
				LD_RUNPATH_SEARCH_PATHS = "$(inherited) @executable_path/Frameworks";
				PRODUCT_BUNDLE_IDENTIFIER = "com.noname.-8-----";
				PRODUCT_NAME = "$(TARGET_NAME)";
				SWIFT_VERSION = 3.0;
			};
			name = Debug;
		};
		1AF6FCAC1E0A16DC00CF1B80 /* Release */ = {
			isa = XCBuildConfiguration;
			buildSettings = {
				ASSETCATALOG_COMPILER_APPICON_NAME = AppIcon;
				DEVELOPMENT_TEAM = 2E22YXWMT5;
				INFOPLIST_FILE = "08-炫彩音乐/Info.plist";
				LD_RUNPATH_SEARCH_PATHS = "$(inherited) @executable_path/Frameworks";
				PRODUCT_BUNDLE_IDENTIFIER = "com.noname.-8-----";
				PRODUCT_NAME = "$(TARGET_NAME)";
				SWIFT_VERSION = 3.0;
			};
			name = Release;
		};
/* End XCBuildConfiguration section */

/* Begin XCConfigurationList section */
		1AF6FC931E0A16DC00CF1B80 /* Build configuration list for PBXProject "08-炫彩音乐" */ = {
			isa = XCConfigurationList;
			buildConfigurations = (
				1AF6FCA81E0A16DC00CF1B80 /* Debug */,
				1AF6FCA91E0A16DC00CF1B80 /* Release */,
			);
			defaultConfigurationIsVisible = 0;
			defaultConfigurationName = Release;
		};
		1AF6FCAA1E0A16DC00CF1B80 /* Build configuration list for PBXNativeTarget "08-炫彩音乐" */ = {
			isa = XCConfigurationList;
			buildConfigurations = (
				1AF6FCAB1E0A16DC00CF1B80 /* Debug */,
				1AF6FCAC1E0A16DC00CF1B80 /* Release */,
			);
			defaultConfigurationIsVisible = 0;
		};
/* End XCConfigurationList section */
	};
	rootObject = 1AF6FC901E0A16DC00CF1B80 /* Project object */;
}
