// !$*UTF8*$!
{
	archiveVersion = 1;
	classes = {
	};
	objectVersion = 46;
	objects = {

/* Begin PBXBuildFile section */
		1A1A10DB1E1B73E900261E6C /* AppDelegate.swift in Sources */ = {isa = PBXBuildFile; fileRef = 1A1A10DA1E1B73E900261E6C /* AppDelegate.swift */; };
		1A1A10DD1E1B73E900261E6C /* ViewController.swift in Sources */ = {isa = PBXBuildFile; fileRef = 1A1A10DC1E1B73E900261E6C /* ViewController.swift */; };
		1A1A10E01E1B73E900261E6C /* Main.storyboard in Resources */ = {isa = PBXBuildFile; fileRef = 1A1A10DE1E1B73E900261E6C /* Main.storyboard */; };
		1A1A10E21E1B73E900261E6C /* Assets.xcassets in Resources */ = {isa = PBXBuildFile; fileRef = 1A1A10E11E1B73E900261E6C /* Assets.xcassets */; };
		1A1A10E51E1B73E900261E6C /* LaunchScreen.storyboard in Resources */ = {isa = PBXBuildFile; fileRef = 1A1A10E31E1B73E900261E6C /* LaunchScreen.storyboard */; };
/* End PBXBuildFile section */

/* Begin PBXFileReference section */
		1A1A10D71E1B73E900261E6C /* 34- 底部菜单点击弹出.app */ = {isa = PBXFileReference; explicitFileType = wrapper.application; includeInIndex = 0; path = "34- 底部菜单点击弹出.app"; sourceTree = BUILT_PRODUCTS_DIR; };
		1A1A10DA1E1B73E900261E6C /* AppDelegate.swift */ = {isa = PBXFileReference; lastKnownFileType = sourcecode.swift; path = AppDelegate.swift; sourceTree = "<group>"; };
		1A1A10DC1E1B73E900261E6C /* ViewController.swift */ = {isa = PBXFileReference; lastKnownFileType = sourcecode.swift; path = ViewController.swift; sourceTree = "<group>"; };
		1A1A10DF1E1B73E900261E6C /* Base */ = {isa = PBXFileReference; lastKnownFileType = file.storyboard; name = Base; path = Base.lproj/Main.storyboard; sourceTree = "<group>"; };
		1A1A10E11E1B73E900261E6C /* Assets.xcassets */ = {isa = PBXFileReference; lastKnownFileType = folder.assetcatalog; path = Assets.xcassets; sourceTree = "<group>"; };
		1A1A10E41E1B73E900261E6C /* Base */ = {isa = PBXFileReference; lastKnownFileType = file.storyboard; name = Base; path = Base.lproj/LaunchScreen.storyboard; sourceTree = "<group>"; };
		1A1A10E61E1B73E900261E6C /* Info.plist */ = {isa = PBXFileReference; lastKnownFileType = text.plist.xml; path = Info.plist; sourceTree = "<group>"; };
/* End PBXFileReference section */

/* Begin PBXFrameworksBuildPhase section */
		1A1A10D41E1B73E900261E6C /* Frameworks */ = {
			isa = PBXFrameworksBuildPhase;
			buildActionMask = 2147483647;
			files = (
			);
			runOnlyForDeploymentPostprocessing = 0;
		};
/* End PBXFrameworksBuildPhase section */

/* Begin PBXGroup section */
		1A1A10CE1E1B73E900261E6C = {
			isa = PBXGroup;
			children = (
				1A1A10D91E1B73E900261E6C /* 34- 底部菜单点击弹出 */,
				1A1A10D81E1B73E900261E6C /* Products */,
			);
			sourceTree = "<group>";
		};
		1A1A10D81E1B73E900261E6C /* Products */ = {
			isa = PBXGroup;
			children = (
				1A1A10D71E1B73E900261E6C /* 34- 底部菜单点击弹出.app */,
			);
			name = Products;
			sourceTree = "<group>";
		};
		1A1A10D91E1B73E900261E6C /* 34- 底部菜单点击弹出 */ = {
			isa = PBXGroup;
			children = (
				1A1A10DA1E1B73E900261E6C /* AppDelegate.swift */,
				1A1A10DC1E1B73E900261E6C /* ViewController.swift */,
				1A1A10DE1E1B73E900261E6C /* Main.storyboard */,
				1A1A10E11E1B73E900261E6C /* Assets.xcassets */,
				1A1A10E31E1B73E900261E6C /* LaunchScreen.storyboard */,
				1A1A10E61E1B73E900261E6C /* Info.plist */,
			);
			path = "34- 底部菜单点击弹出";
			sourceTree = "<group>";
		};
/* End PBXGroup section */

/* Begin PBXNativeTarget section */
		1A1A10D61E1B73E900261E6C /* 34- 底部菜单点击弹出 */ = {
			isa = PBXNativeTarget;
			buildConfigurationList = 1A1A10E91E1B73E900261E6C /* Build configuration list for PBXNativeTarget "34- 底部菜单点击弹出" */;
			buildPhases = (
				1A1A10D31E1B73E900261E6C /* Sources */,
				1A1A10D41E1B73E900261E6C /* Frameworks */,
				1A1A10D51E1B73E900261E6C /* Resources */,
			);
			buildRules = (
			);
			dependencies = (
			);
			name = "34- 底部菜单点击弹出";
			productName = "34- 底部菜单点击弹出";
			productReference = 1A1A10D71E1B73E900261E6C /* 34- 底部菜单点击弹出.app */;
			productType = "com.apple.product-type.application";
		};
/* End PBXNativeTarget section */

/* Begin PBXProject section */
		1A1A10CF1E1B73E900261E6C /* Project object */ = {
			isa = PBXProject;
			attributes = {
				LastSwiftUpdateCheck = 0820;
				LastUpgradeCheck = 0820;
				ORGANIZATIONNAME = richyli;
				TargetAttributes = {
					1A1A10D61E1B73E900261E6C = {
						CreatedOnToolsVersion = 8.2.1;
						DevelopmentTeam = 2E22YXWMT5;
						ProvisioningStyle = Automatic;
					};
				};
			};
			buildConfigurationList = 1A1A10D21E1B73E900261E6C /* Build configuration list for PBXProject "34- 底部菜单点击弹出" */;
			compatibilityVersion = "Xcode 3.2";
			developmentRegion = English;
			hasScannedForEncodings = 0;
			knownRegions = (
				en,
				Base,
			);
			mainGroup = 1A1A10CE1E1B73E900261E6C;
			productRefGroup = 1A1A10D81E1B73E900261E6C /* Products */;
			projectDirPath = "";
			projectRoot = "";
			targets = (
				1A1A10D61E1B73E900261E6C /* 34- 底部菜单点击弹出 */,
			);
		};
/* End PBXProject section */

/* Begin PBXResourcesBuildPhase section */
		1A1A10D51E1B73E900261E6C /* Resources */ = {
			isa = PBXResourcesBuildPhase;
			buildActionMask = 2147483647;
			files = (
				1A1A10E51E1B73E900261E6C /* LaunchScreen.storyboard in Resources */,
				1A1A10E21E1B73E900261E6C /* Assets.xcassets in Resources */,
				1A1A10E01E1B73E900261E6C /* Main.storyboard in Resources */,
			);
			runOnlyForDeploymentPostprocessing = 0;
		};
/* End PBXResourcesBuildPhase section */

/* Begin PBXSourcesBuildPhase section */
		1A1A10D31E1B73E900261E6C /* Sources */ = {
			isa = PBXSourcesBuildPhase;
			buildActionMask = 2147483647;
			files = (
				1A1A10DD1E1B73E900261E6C /* ViewController.swift in Sources */,
				1A1A10DB1E1B73E900261E6C /* AppDelegate.swift in Sources */,
			);
			runOnlyForDeploymentPostprocessing = 0;
		};
/* End PBXSourcesBuildPhase section */

/* Begin PBXVariantGroup section */
		1A1A10DE1E1B73E900261E6C /* Main.storyboard */ = {
			isa = PBXVariantGroup;
			children = (
				1A1A10DF1E1B73E900261E6C /* Base */,
			);
			name = Main.storyboard;
			sourceTree = "<group>";
		};
		1A1A10E31E1B73E900261E6C /* LaunchScreen.storyboard */ = {
			isa = PBXVariantGroup;
			children = (
				1A1A10E41E1B73E900261E6C /* Base */,
			);
			name = LaunchScreen.storyboard;
			sourceTree = "<group>";
		};
/* End PBXVariantGroup section */

/* Begin XCBuildConfiguration section */
		1A1A10E71E1B73E900261E6C /* Debug */ = {
			isa = XCBuildConfiguration;
			buildSettings = {
				ALWAYS_SEARCH_USER_PATHS = NO;
				CLANG_ANALYZER_NONNULL = YES;
				CLANG_CXX_LANGUAGE_STANDARD = "gnu++0x";
				CLANG_CXX_LIBRARY = "libc++";
				CLANG_ENABLE_MODULES = YES;
				CLANG_ENABLE_OBJC_ARC = YES;
				CLANG_WARN_BOOL_CONVERSION = YES;
				CLANG_WARN_CONSTANT_CONVERSION = YES;
				CLANG_WARN_DIRECT_OBJC_ISA_USAGE = YES_ERROR;
				CLANG_WARN_DOCUMENTATION_COMMENTS = YES;
				CLANG_WARN_EMPTY_BODY = YES;
				CLANG_WARN_ENUM_CONVERSION = YES;
				CLANG_WARN_INFINITE_RECURSION = YES;
				CLANG_WARN_INT_CONVERSION = YES;
				CLANG_WARN_OBJC_ROOT_CLASS = YES_ERROR;
				CLANG_WARN_SUSPICIOUS_MOVE = YES;
				CLANG_WARN_UNREACHABLE_CODE = YES;
				CLANG_WARN__DUPLICATE_METHOD_MATCH = YES;
				"CODE_SIGN_IDENTITY[sdk=iphoneos*]" = "iPhone Developer";
				COPY_PHASE_STRIP = NO;
				DEBUG_INFORMATION_FORMAT = dwarf;
				ENABLE_STRICT_OBJC_MSGSEND = YES;
				ENABLE_TESTABILITY = YES;
				GCC_C_LANGUAGE_STANDARD = gnu99;
				GCC_DYNAMIC_NO_PIC = NO;
				GCC_NO_COMMON_BLOCKS = YES;
				GCC_OPTIMIZATION_LEVEL = 0;
				GCC_PREPROCESSOR_DEFINITIONS = (
					"DEBUG=1",
					"$(inherited)",
				);
				GCC_WARN_64_TO_32_BIT_CONVERSION = YES;
				GCC_WARN_ABOUT_RETURN_TYPE = YES_ERROR;
				GCC_WARN_UNDECLARED_SELECTOR = YES;
				GCC_WARN_UNINITIALIZED_AUTOS = YES_AGGRESSIVE;
				GCC_WARN_UNUSED_FUNCTION = YES;
				GCC_WARN_UNUSED_VARIABLE = YES;
				IPHONEOS_DEPLOYMENT_TARGET = 10.2;
				MTL_ENABLE_DEBUG_INFO = YES;
				ONLY_ACTIVE_ARCH = YES;
				SDKROOT = iphoneos;
				SWIFT_ACTIVE_COMPILATION_CONDITIONS = DEBUG;
				SWIFT_OPTIMIZATION_LEVEL = "-Onone";
			};
			name = Debug;
		};
		1A1A10E81E1B73E900261E6C /* Release */ = {
			isa = XCBuildConfiguration;
			buildSettings = {
				ALWAYS_SEARCH_USER_PATHS = NO;
				CLANG_ANALYZER_NONNULL = YES;
				CLANG_CXX_LANGUAGE_STANDARD = "gnu++0x";
				CLANG_CXX_LIBRARY = "libc++";
				CLANG_ENABLE_MODULES = YES;
				CLANG_ENABLE_OBJC_ARC = YES;
				CLANG_WARN_BOOL_CONVERSION = YES;
				CLANG_WARN_CONSTANT_CONVERSION = YES;
				CLANG_WARN_DIRECT_OBJC_ISA_USAGE = YES_ERROR;
				CLANG_WARN_DOCUMENTATION_COMMENTS = YES;
				CLANG_WARN_EMPTY_BODY = YES;
				CLANG_WARN_ENUM_CONVERSION = YES;
				CLANG_WARN_INFINITE_RECURSION = YES;
				CLANG_WARN_INT_CONVERSION = YES;
				CLANG_WARN_OBJC_ROOT_CLASS = YES_ERROR;
				CLANG_WARN_SUSPICIOUS_MOVE = YES;
				CLANG_WARN_UNREACHABLE_CODE = YES;
				CLANG_WARN__DUPLICATE_METHOD_MATCH = YES;
				"CODE_SIGN_IDENTITY[sdk=iphoneos*]" = "iPhone Developer";
				COPY_PHASE_STRIP = NO;
				DEBUG_INFORMATION_FORMAT = "dwarf-with-dsym";
				ENABLE_NS_ASSERTIONS = NO;
				ENABLE_STRICT_OBJC_MSGSEND = YES;
				GCC_C_LANGUAGE_STANDARD = gnu99;
				GCC_NO_COMMON_BLOCKS = YES;
				GCC_WARN_64_TO_32_BIT_CONVERSION = YES;
				GCC_WARN_ABOUT_RETURN_TYPE = YES_ERROR;
				GCC_WARN_UNDECLARED_SELECTOR = YES;
				GCC_WARN_UNINITIALIZED_AUTOS = YES_AGGRESSIVE;
				GCC_WARN_UNUSED_FUNCTION = YES;
				GCC_WARN_UNUSED_VARIABLE = YES;
				IPHONEOS_DEPLOYMENT_TARGET = 10.2;
				MTL_ENABLE_DEBUG_INFO = NO;
				SDKROOT = iphoneos;
				SWIFT_OPTIMIZATION_LEVEL = "-Owholemodule";
				VALIDATE_PRODUCT = YES;
			};
			name = Release;
		};
		1A1A10EA1E1B73E900261E6C /* Debug */ = {
			isa = XCBuildConfiguration;
			buildSettings = {
				ASSETCATALOG_COMPILER_APPICON_NAME = AppIcon;
				DEVELOPMENT_TEAM = 2E22YXWMT5;
				INFOPLIST_FILE = "34- 底部菜单点击弹出/Info.plist";
				LD_RUNPATH_SEARCH_PATHS = "$(inherited) @executable_path/Frameworks";
				PRODUCT_BUNDLE_IDENTIFIER = "com.noname.-4----------";
				PRODUCT_NAME = "$(TARGET_NAME)";
				SWIFT_VERSION = 3.0;
			};
			name = Debug;
		};
		1A1A10EB1E1B73E900261E6C /* Release */ = {
			isa = XCBuildConfiguration;
			buildSettings = {
				ASSETCATALOG_COMPILER_APPICON_NAME = AppIcon;
				DEVELOPMENT_TEAM = 2E22YXWMT5;
				INFOPLIST_FILE = "34- 底部菜单点击弹出/Info.plist";
				LD_RUNPATH_SEARCH_PATHS = "$(inherited) @executable_path/Frameworks";
				PRODUCT_BUNDLE_IDENTIFIER = "com.noname.-4----------";
				PRODUCT_NAME = "$(TARGET_NAME)";
				SWIFT_VERSION = 3.0;
			};
			name = Release;
		};
/* End XCBuildConfiguration section */

/* Begin XCConfigurationList section */
		1A1A10D21E1B73E900261E6C /* Build configuration list for PBXProject "34- 底部菜单点击弹出" */ = {
			isa = XCConfigurationList;
			buildConfigurations = (
				1A1A10E71E1B73E900261E6C /* Debug */,
				1A1A10E81E1B73E900261E6C /* Release */,
			);
			defaultConfigurationIsVisible = 0;
			defaultConfigurationName = Release;
		};
		1A1A10E91E1B73E900261E6C /* Build configuration list for PBXNativeTarget "34- 底部菜单点击弹出" */ = {
			isa = XCConfigurationList;
			buildConfigurations = (
				1A1A10EA1E1B73E900261E6C /* Debug */,
				1A1A10EB1E1B73E900261E6C /* Release */,
			);
			defaultConfigurationIsVisible = 0;
		};
/* End XCConfigurationList section */
	};
	rootObject = 1A1A10CF1E1B73E900261E6C /* Project object */;
}
